{
  "pins" : [
    {
      "identity" : "hvcrashguard",
      "kind" : "remoteSourceControl",
      "location" : "https://github.com/hyperverge/HVCrashGuard",
      "state" : {
        "revision" : "e5c1efeb7472c5e75d3d2b8b8d12fdaf3bbb44ec",
        "version" : "2.0.0-beta"
      }
    },
    {
      "identity" : "hypersnapsdk-spm",
      "kind" : "remoteSourceControl",
      "location" : "https://github.com/hyperverge/hypersnapsdk-spm",
      "state" : {
        "revision" : "ba89713e01ec43189ae82d47f505f0b282aacf86",
        "version" : "6.0.0-beta03"
      }
    }
  ],
  "version" : 2
}
